
Microsoft Visual Studio Solution File, Format Version 12.00
# Visual Studio Version 17
VisualStudioVersion = 17.3.32929.385
MinimumVisualStudioVersion = 10.0.40219.1
Project("{2150E333-8FDC-42A3-9474-1A3956D46DE8}") = "Src", "Src", "{2BA71D37-FE8D-4E1B-A58C-A97C835700EC}"
EndProject
Project("{2150E333-8FDC-42A3-9474-1A3956D46DE8}") = "Solution Items", "Solution Items", "{418B7F83-896A-4E9E-884B-B3AD5591D2A5}"
	ProjectSection(SolutionItems) = preProject
		ServiceUrls.txt = ServiceUrls.txt
	EndProjectSection
EndProject
Project("{2150E333-8FDC-42A3-9474-1A3956D46DE8}") = "ApiGateways", "ApiGateways", "{5000BD00-D2E0-451A-AC11-B23DCB5247AF}"
EndProject
Project("{2150E333-8FDC-42A3-9474-1A3956D46DE8}") = "BuildingBlocks", "BuildingBlocks", "{83D895C2-431F-4F7C-B190-89D8B9F66E3E}"
EndProject
Project("{2150E333-8FDC-42A3-9474-1A3956D46DE8}") = "Services", "Services", "{BB4EAB03-1A14-4FF8-BEE0-002B7641F5C3}"
EndProject
Project("{2150E333-8FDC-42A3-9474-1A3956D46DE8}") = "Clients", "Clients", "{58DF4942-39BD-4EFF-BFEA-1406D83F99BE}"
EndProject
Project("{2150E333-8FDC-42A3-9474-1A3956D46DE8}") = "WebApiGateway", "WebApiGateway", "{F809AE51-C946-41CD-806B-8DCF90EFED4F}"
EndProject
Project("{9A19103F-16F7-4668-BE54-9A1E7A4F7556}") = "Web.ApiGateway", "src\ApiGateways\WebApiGateway\Web.ApiGateway\Web.ApiGateway.csproj", "{80C80C9B-ABC4-4B9C-AEF4-C6172EF2D8A9}"
EndProject
Project("{2150E333-8FDC-42A3-9474-1A3956D46DE8}") = "EventBus", "EventBus", "{94F729CD-4626-4A60-8F65-F9AD2E128178}"
EndProject
Project("{9A19103F-16F7-4668-BE54-9A1E7A4F7556}") = "EventBus.Base", "src\BuildingBlocks\EventBus\EventBus.Base\EventBus.Base.csproj", "{690DBD17-D386-4026-ACE7-468C28E5DFB4}"
EndProject
Project("{9A19103F-16F7-4668-BE54-9A1E7A4F7556}") = "EventBus.Factory", "src\BuildingBlocks\EventBus\EventBus.Factory\EventBus.Factory.csproj", "{C316F2F6-08E9-4648-927E-973D6CB4F576}"
EndProject
Project("{9A19103F-16F7-4668-BE54-9A1E7A4F7556}") = "EventBus.AzureServiceBus", "src\BuildingBlocks\EventBus\EventBus.AzureServiceBus\EventBus.AzureServiceBus.csproj", "{1670716A-B600-44E1-A1D3-4FCC27442F7B}"
EndProject
Project("{9A19103F-16F7-4668-BE54-9A1E7A4F7556}") = "EventBus.RabbitMQ", "src\BuildingBlocks\EventBus\EventBus.RabbitMQ\EventBus.RabbitMQ.csproj", "{A0BFCA05-3FD8-47C1-A8A8-28F4FA269AD1}"
EndProject
Project("{2150E333-8FDC-42A3-9474-1A3956D46DE8}") = "BlazorWebApp", "BlazorWebApp", "{C3D8EDA9-BB7A-4999-8596-C410DFF73FDF}"
EndProject
Project("{9A19103F-16F7-4668-BE54-9A1E7A4F7556}") = "WebApp", "src\Clients\BlazorWebApp\WebApp\WebApp.csproj", "{B9DDFA65-AC6B-4D1A-A66D-81B6EB59DE64}"
EndProject
Project("{2150E333-8FDC-42A3-9474-1A3956D46DE8}") = "BasketService", "BasketService", "{935ACF01-2092-4899-BB7F-18557E00C641}"
EndProject
Project("{9A19103F-16F7-4668-BE54-9A1E7A4F7556}") = "BasketService.Api", "src\Services\BasketService\BasketService.Api\BasketService.Api.csproj", "{88954D84-ADF2-49A5-BE74-F0B79EC028EA}"
EndProject
Project("{2150E333-8FDC-42A3-9474-1A3956D46DE8}") = "CatologService", "CatologService", "{0FC745DE-24BB-4A31-88AB-79E788AAFD6E}"
EndProject
Project("{FAE04EC0-301F-11D3-BF4B-00C04F79EFBC}") = "CatologService.Api", "src\Services\CatologService\CatologService.Api\CatologService.Api.csproj", "{FF1D66A1-DB4F-46B9-AC3D-6064780B7FD0}"
EndProject
Project("{2150E333-8FDC-42A3-9474-1A3956D46DE8}") = "IdentityService", "IdentityService", "{1047230E-A87C-48E5-9BAE-35A63FB13010}"
EndProject
Project("{FAE04EC0-301F-11D3-BF4B-00C04F79EFBC}") = "IdentityService.Api", "src\Services\IdentityService\IdentityService.Api\IdentityService.Api.csproj", "{C90D97EA-4575-4B1E-AA77-6D070760B7E8}"
EndProject
Project("{2150E333-8FDC-42A3-9474-1A3956D46DE8}") = "NotificationService", "NotificationService", "{C17333CD-6092-48CF-B87C-A1F8FD931E21}"
EndProject
Project("{FAE04EC0-301F-11D3-BF4B-00C04F79EFBC}") = "NotificationService", "src\Services\NotificationService\NotificationService\NotificationService.csproj", "{EACD81F3-D2BF-4D09-8CA3-24E7C1EEFEF8}"
EndProject
Project("{2150E333-8FDC-42A3-9474-1A3956D46DE8}") = "OrderService", "OrderService", "{0EA20359-9BBA-41A6-9CEE-36EEBF758EC1}"
EndProject
Project("{FAE04EC0-301F-11D3-BF4B-00C04F79EFBC}") = "OrderService.Domain", "src\Services\OrderService\OrderService.Domain\OrderService.Domain.csproj", "{B48FD1C7-9D99-487C-B79D-8A0797B5E86B}"
EndProject
Project("{FAE04EC0-301F-11D3-BF4B-00C04F79EFBC}") = "OrderService.Application", "src\Services\OrderService\OrderService.Application\OrderService.Application.csproj", "{7BD96AF7-3A65-4AC2-8835-64A1D1C8D71B}"
EndProject
Project("{FAE04EC0-301F-11D3-BF4B-00C04F79EFBC}") = "OrderService.Infastructure", "src\Services\OrderService\OrderService.Infastructure\OrderService.Infastructure.csproj", "{AC5DE0CC-1512-4DAD-AA4D-9D040F8269F3}"
EndProject
Project("{FAE04EC0-301F-11D3-BF4B-00C04F79EFBC}") = "OrderService.Api", "src\Services\OrderService\OrderService.Api\OrderService.Api.csproj", "{89F86268-AD69-431F-BE5C-FF75CACBA6B9}"
EndProject
Project("{2150E333-8FDC-42A3-9474-1A3956D46DE8}") = "PaymentService", "PaymentService", "{0735C03C-C242-4FE9-8169-3F2927F07BB9}"
EndProject
Project("{FAE04EC0-301F-11D3-BF4B-00C04F79EFBC}") = "PaymentService.Api", "src\Services\PaymentService\PaymentService.Api\PaymentService.Api.csproj", "{1E48E69C-7EF9-422E-92BC-F4474FC565BA}"
EndProject
Global
	GlobalSection(SolutionConfigurationPlatforms) = preSolution
		Debug|Any CPU = Debug|Any CPU
		Release|Any CPU = Release|Any CPU
	EndGlobalSection
	GlobalSection(ProjectConfigurationPlatforms) = postSolution
		{80C80C9B-ABC4-4B9C-AEF4-C6172EF2D8A9}.Debug|Any CPU.ActiveCfg = Debug|Any CPU
		{80C80C9B-ABC4-4B9C-AEF4-C6172EF2D8A9}.Debug|Any CPU.Build.0 = Debug|Any CPU
		{80C80C9B-ABC4-4B9C-AEF4-C6172EF2D8A9}.Release|Any CPU.ActiveCfg = Release|Any CPU
		{80C80C9B-ABC4-4B9C-AEF4-C6172EF2D8A9}.Release|Any CPU.Build.0 = Release|Any CPU
		{690DBD17-D386-4026-ACE7-468C28E5DFB4}.Debug|Any CPU.ActiveCfg = Debug|Any CPU
		{690DBD17-D386-4026-ACE7-468C28E5DFB4}.Debug|Any CPU.Build.0 = Debug|Any CPU
		{690DBD17-D386-4026-ACE7-468C28E5DFB4}.Release|Any CPU.ActiveCfg = Release|Any CPU
		{690DBD17-D386-4026-ACE7-468C28E5DFB4}.Release|Any CPU.Build.0 = Release|Any CPU
		{C316F2F6-08E9-4648-927E-973D6CB4F576}.Debug|Any CPU.ActiveCfg = Debug|Any CPU
		{C316F2F6-08E9-4648-927E-973D6CB4F576}.Debug|Any CPU.Build.0 = Debug|Any CPU
		{C316F2F6-08E9-4648-927E-973D6CB4F576}.Release|Any CPU.ActiveCfg = Release|Any CPU
		{C316F2F6-08E9-4648-927E-973D6CB4F576}.Release|Any CPU.Build.0 = Release|Any CPU
		{1670716A-B600-44E1-A1D3-4FCC27442F7B}.Debug|Any CPU.ActiveCfg = Debug|Any CPU
		{1670716A-B600-44E1-A1D3-4FCC27442F7B}.Debug|Any CPU.Build.0 = Debug|Any CPU
		{1670716A-B600-44E1-A1D3-4FCC27442F7B}.Release|Any CPU.ActiveCfg = Release|Any CPU
		{1670716A-B600-44E1-A1D3-4FCC27442F7B}.Release|Any CPU.Build.0 = Release|Any CPU
		{A0BFCA05-3FD8-47C1-A8A8-28F4FA269AD1}.Debug|Any CPU.ActiveCfg = Debug|Any CPU
		{A0BFCA05-3FD8-47C1-A8A8-28F4FA269AD1}.Debug|Any CPU.Build.0 = Debug|Any CPU
		{A0BFCA05-3FD8-47C1-A8A8-28F4FA269AD1}.Release|Any CPU.ActiveCfg = Release|Any CPU
		{A0BFCA05-3FD8-47C1-A8A8-28F4FA269AD1}.Release|Any CPU.Build.0 = Release|Any CPU
		{B9DDFA65-AC6B-4D1A-A66D-81B6EB59DE64}.Debug|Any CPU.ActiveCfg = Debug|Any CPU
		{B9DDFA65-AC6B-4D1A-A66D-81B6EB59DE64}.Debug|Any CPU.Build.0 = Debug|Any CPU
		{B9DDFA65-AC6B-4D1A-A66D-81B6EB59DE64}.Release|Any CPU.ActiveCfg = Release|Any CPU
		{B9DDFA65-AC6B-4D1A-A66D-81B6EB59DE64}.Release|Any CPU.Build.0 = Release|Any CPU
		{88954D84-ADF2-49A5-BE74-F0B79EC028EA}.Debug|Any CPU.ActiveCfg = Debug|Any CPU
		{88954D84-ADF2-49A5-BE74-F0B79EC028EA}.Debug|Any CPU.Build.0 = Debug|Any CPU
		{88954D84-ADF2-49A5-BE74-F0B79EC028EA}.Release|Any CPU.ActiveCfg = Release|Any CPU
		{88954D84-ADF2-49A5-BE74-F0B79EC028EA}.Release|Any CPU.Build.0 = Release|Any CPU
		{FF1D66A1-DB4F-46B9-AC3D-6064780B7FD0}.Debug|Any CPU.ActiveCfg = Debug|Any CPU
		{FF1D66A1-DB4F-46B9-AC3D-6064780B7FD0}.Debug|Any CPU.Build.0 = Debug|Any CPU
		{FF1D66A1-DB4F-46B9-AC3D-6064780B7FD0}.Release|Any CPU.ActiveCfg = Release|Any CPU
		{FF1D66A1-DB4F-46B9-AC3D-6064780B7FD0}.Release|Any CPU.Build.0 = Release|Any CPU
		{C90D97EA-4575-4B1E-AA77-6D070760B7E8}.Debug|Any CPU.ActiveCfg = Debug|Any CPU
		{C90D97EA-4575-4B1E-AA77-6D070760B7E8}.Debug|Any CPU.Build.0 = Debug|Any CPU
		{C90D97EA-4575-4B1E-AA77-6D070760B7E8}.Release|Any CPU.ActiveCfg = Release|Any CPU
		{C90D97EA-4575-4B1E-AA77-6D070760B7E8}.Release|Any CPU.Build.0 = Release|Any CPU
		{EACD81F3-D2BF-4D09-8CA3-24E7C1EEFEF8}.Debug|Any CPU.ActiveCfg = Debug|Any CPU
		{EACD81F3-D2BF-4D09-8CA3-24E7C1EEFEF8}.Debug|Any CPU.Build.0 = Debug|Any CPU
		{EACD81F3-D2BF-4D09-8CA3-24E7C1EEFEF8}.Release|Any CPU.ActiveCfg = Release|Any CPU
		{EACD81F3-D2BF-4D09-8CA3-24E7C1EEFEF8}.Release|Any CPU.Build.0 = Release|Any CPU
		{B48FD1C7-9D99-487C-B79D-8A0797B5E86B}.Debug|Any CPU.ActiveCfg = Debug|Any CPU
		{B48FD1C7-9D99-487C-B79D-8A0797B5E86B}.Debug|Any CPU.Build.0 = Debug|Any CPU
		{B48FD1C7-9D99-487C-B79D-8A0797B5E86B}.Release|Any CPU.ActiveCfg = Release|Any CPU
		{B48FD1C7-9D99-487C-B79D-8A0797B5E86B}.Release|Any CPU.Build.0 = Release|Any CPU
		{7BD96AF7-3A65-4AC2-8835-64A1D1C8D71B}.Debug|Any CPU.ActiveCfg = Debug|Any CPU
		{7BD96AF7-3A65-4AC2-8835-64A1D1C8D71B}.Debug|Any CPU.Build.0 = Debug|Any CPU
		{7BD96AF7-3A65-4AC2-8835-64A1D1C8D71B}.Release|Any CPU.ActiveCfg = Release|Any CPU
		{7BD96AF7-3A65-4AC2-8835-64A1D1C8D71B}.Release|Any CPU.Build.0 = Release|Any CPU
		{AC5DE0CC-1512-4DAD-AA4D-9D040F8269F3}.Debug|Any CPU.ActiveCfg = Debug|Any CPU
		{AC5DE0CC-1512-4DAD-AA4D-9D040F8269F3}.Debug|Any CPU.Build.0 = Debug|Any CPU
		{AC5DE0CC-1512-4DAD-AA4D-9D040F8269F3}.Release|Any CPU.ActiveCfg = Release|Any CPU
		{AC5DE0CC-1512-4DAD-AA4D-9D040F8269F3}.Release|Any CPU.Build.0 = Release|Any CPU
		{89F86268-AD69-431F-BE5C-FF75CACBA6B9}.Debug|Any CPU.ActiveCfg = Debug|Any CPU
		{89F86268-AD69-431F-BE5C-FF75CACBA6B9}.Debug|Any CPU.Build.0 = Debug|Any CPU
		{89F86268-AD69-431F-BE5C-FF75CACBA6B9}.Release|Any CPU.ActiveCfg = Release|Any CPU
		{89F86268-AD69-431F-BE5C-FF75CACBA6B9}.Release|Any CPU.Build.0 = Release|Any CPU
		{1E48E69C-7EF9-422E-92BC-F4474FC565BA}.Debug|Any CPU.ActiveCfg = Debug|Any CPU
		{1E48E69C-7EF9-422E-92BC-F4474FC565BA}.Debug|Any CPU.Build.0 = Debug|Any CPU
		{1E48E69C-7EF9-422E-92BC-F4474FC565BA}.Release|Any CPU.ActiveCfg = Release|Any CPU
		{1E48E69C-7EF9-422E-92BC-F4474FC565BA}.Release|Any CPU.Build.0 = Release|Any CPU
	EndGlobalSection
	GlobalSection(SolutionProperties) = preSolution
		HideSolutionNode = FALSE
	EndGlobalSection
	GlobalSection(NestedProjects) = preSolution
		{5000BD00-D2E0-451A-AC11-B23DCB5247AF} = {2BA71D37-FE8D-4E1B-A58C-A97C835700EC}
		{83D895C2-431F-4F7C-B190-89D8B9F66E3E} = {2BA71D37-FE8D-4E1B-A58C-A97C835700EC}
		{BB4EAB03-1A14-4FF8-BEE0-002B7641F5C3} = {2BA71D37-FE8D-4E1B-A58C-A97C835700EC}
		{58DF4942-39BD-4EFF-BFEA-1406D83F99BE} = {2BA71D37-FE8D-4E1B-A58C-A97C835700EC}
		{F809AE51-C946-41CD-806B-8DCF90EFED4F} = {5000BD00-D2E0-451A-AC11-B23DCB5247AF}
		{80C80C9B-ABC4-4B9C-AEF4-C6172EF2D8A9} = {F809AE51-C946-41CD-806B-8DCF90EFED4F}
		{94F729CD-4626-4A60-8F65-F9AD2E128178} = {83D895C2-431F-4F7C-B190-89D8B9F66E3E}
		{690DBD17-D386-4026-ACE7-468C28E5DFB4} = {94F729CD-4626-4A60-8F65-F9AD2E128178}
		{C316F2F6-08E9-4648-927E-973D6CB4F576} = {94F729CD-4626-4A60-8F65-F9AD2E128178}
		{1670716A-B600-44E1-A1D3-4FCC27442F7B} = {94F729CD-4626-4A60-8F65-F9AD2E128178}
		{A0BFCA05-3FD8-47C1-A8A8-28F4FA269AD1} = {94F729CD-4626-4A60-8F65-F9AD2E128178}
		{C3D8EDA9-BB7A-4999-8596-C410DFF73FDF} = {58DF4942-39BD-4EFF-BFEA-1406D83F99BE}
		{B9DDFA65-AC6B-4D1A-A66D-81B6EB59DE64} = {C3D8EDA9-BB7A-4999-8596-C410DFF73FDF}
		{935ACF01-2092-4899-BB7F-18557E00C641} = {BB4EAB03-1A14-4FF8-BEE0-002B7641F5C3}
		{88954D84-ADF2-49A5-BE74-F0B79EC028EA} = {935ACF01-2092-4899-BB7F-18557E00C641}
		{0FC745DE-24BB-4A31-88AB-79E788AAFD6E} = {BB4EAB03-1A14-4FF8-BEE0-002B7641F5C3}
		{FF1D66A1-DB4F-46B9-AC3D-6064780B7FD0} = {0FC745DE-24BB-4A31-88AB-79E788AAFD6E}
		{1047230E-A87C-48E5-9BAE-35A63FB13010} = {BB4EAB03-1A14-4FF8-BEE0-002B7641F5C3}
		{C90D97EA-4575-4B1E-AA77-6D070760B7E8} = {1047230E-A87C-48E5-9BAE-35A63FB13010}
		{C17333CD-6092-48CF-B87C-A1F8FD931E21} = {BB4EAB03-1A14-4FF8-BEE0-002B7641F5C3}
		{EACD81F3-D2BF-4D09-8CA3-24E7C1EEFEF8} = {C17333CD-6092-48CF-B87C-A1F8FD931E21}
		{0EA20359-9BBA-41A6-9CEE-36EEBF758EC1} = {BB4EAB03-1A14-4FF8-BEE0-002B7641F5C3}
		{B48FD1C7-9D99-487C-B79D-8A0797B5E86B} = {0EA20359-9BBA-41A6-9CEE-36EEBF758EC1}
		{7BD96AF7-3A65-4AC2-8835-64A1D1C8D71B} = {0EA20359-9BBA-41A6-9CEE-36EEBF758EC1}
		{AC5DE0CC-1512-4DAD-AA4D-9D040F8269F3} = {0EA20359-9BBA-41A6-9CEE-36EEBF758EC1}
		{89F86268-AD69-431F-BE5C-FF75CACBA6B9} = {0EA20359-9BBA-41A6-9CEE-36EEBF758EC1}
		{0735C03C-C242-4FE9-8169-3F2927F07BB9} = {BB4EAB03-1A14-4FF8-BEE0-002B7641F5C3}
		{1E48E69C-7EF9-422E-92BC-F4474FC565BA} = {0735C03C-C242-4FE9-8169-3F2927F07BB9}
	EndGlobalSection
	GlobalSection(ExtensibilityGlobals) = postSolution
		SolutionGuid = {7CFF748B-B39B-40A1-B07C-224263070AA6}
	EndGlobalSection
EndGlobal
